
Microsoft Visual Studio Solution File, Format Version 12.00
# Visual Studio 2017
Project("{FAE04EC0-301F-11D3-BF4B-00C04F79EFBC}") = "LittlePrinceVRProject-gslee", "LittlePrinceVRProject-gslee.csproj", "{116CADE8-7A72-D9C1-ECE8-7D034793F78B}"
EndProject
Project("{FAE04EC0-301F-11D3-BF4B-00C04F79EFBC}") = "LittlePrinceVRProject-gslee.Editor", "LittlePrinceVRProject-gslee.Editor.csproj", "{E9E8C4CD-DE3C-C854-733E-0BEE3BAB5682}"
EndProject
Global
	GlobalSection(SolutionConfigurationPlatforms) = preSolution
		Debug|Any CPU = Debug|Any CPU
		Release|Any CPU = Release|Any CPU
	EndGlobalSection
	GlobalSection(ProjectConfigurationPlatforms) = postSolution
		{116CADE8-7A72-D9C1-ECE8-7D034793F78B}.Debug|Any CPU.ActiveCfg = Debug|Any CPU
		{116CADE8-7A72-D9C1-ECE8-7D034793F78B}.Debug|Any CPU.Build.0 = Debug|Any CPU
		{116CADE8-7A72-D9C1-ECE8-7D034793F78B}.Release|Any CPU.ActiveCfg = Release|Any CPU
		{116CADE8-7A72-D9C1-ECE8-7D034793F78B}.Release|Any CPU.Build.0 = Release|Any CPU
		{E9E8C4CD-DE3C-C854-733E-0BEE3BAB5682}.Debug|Any CPU.ActiveCfg = Debug|Any CPU
		{E9E8C4CD-DE3C-C854-733E-0BEE3BAB5682}.Debug|Any CPU.Build.0 = Debug|Any CPU
		{E9E8C4CD-DE3C-C854-733E-0BEE3BAB5682}.Release|Any CPU.ActiveCfg = Release|Any CPU
		{E9E8C4CD-DE3C-C854-733E-0BEE3BAB5682}.Release|Any CPU.Build.0 = Release|Any CPU
	EndGlobalSection
	GlobalSection(SolutionProperties) = preSolution
		HideSolutionNode = FALSE
	EndGlobalSection
EndGlobal
