
Microsoft Visual Studio Solution File, Format Version 12.00
# Visual Studio 2017
Project("{FAE04EC0-301F-11D3-BF4B-00C04F79EFBC}") = "LittlePrinceVRProject", "LittlePrinceVRProject.csproj", "{6C5791C1-B5B3-EC72-1F0B-2E54E0FD2335}"
EndProject
Project("{FAE04EC0-301F-11D3-BF4B-00C04F79EFBC}") = "LittlePrinceVRProject.Editor", "LittlePrinceVRProject.Editor.csproj", "{475EA3F9-1D23-DD52-097C-9A4A67137703}"
EndProject
Global
	GlobalSection(SolutionConfigurationPlatforms) = preSolution
		Debug|Any CPU = Debug|Any CPU
		Release|Any CPU = Release|Any CPU
	EndGlobalSection
	GlobalSection(ProjectConfigurationPlatforms) = postSolution
		{6C5791C1-B5B3-EC72-1F0B-2E54E0FD2335}.Debug|Any CPU.ActiveCfg = Debug|Any CPU
		{6C5791C1-B5B3-EC72-1F0B-2E54E0FD2335}.Debug|Any CPU.Build.0 = Debug|Any CPU
		{6C5791C1-B5B3-EC72-1F0B-2E54E0FD2335}.Release|Any CPU.ActiveCfg = Release|Any CPU
		{6C5791C1-B5B3-EC72-1F0B-2E54E0FD2335}.Release|Any CPU.Build.0 = Release|Any CPU
		{475EA3F9-1D23-DD52-097C-9A4A67137703}.Debug|Any CPU.ActiveCfg = Debug|Any CPU
		{475EA3F9-1D23-DD52-097C-9A4A67137703}.Debug|Any CPU.Build.0 = Debug|Any CPU
		{475EA3F9-1D23-DD52-097C-9A4A67137703}.Release|Any CPU.ActiveCfg = Release|Any CPU
		{475EA3F9-1D23-DD52-097C-9A4A67137703}.Release|Any CPU.Build.0 = Release|Any CPU
	EndGlobalSection
	GlobalSection(SolutionProperties) = preSolution
		HideSolutionNode = FALSE
	EndGlobalSection
EndGlobal
