
Microsoft Visual Studio Solution File, Format Version 12.00
# Visual Studio 2017
Project("{FAE04EC0-301F-11D3-BF4B-00C04F79EFBC}") = "LittlePrinceVRProject_VR_Integrated_ver", "LittlePrinceVRProject_VR_Integrated_ver.csproj", "{D5E4C950-6869-1E2C-B776-B37668270ED2}"
EndProject
Project("{FAE04EC0-301F-11D3-BF4B-00C04F79EFBC}") = "LittlePrinceVRProject_VR_Integrated_ver.Editor", "LittlePrinceVRProject_VR_Integrated_ver.Editor.csproj", "{38047BDC-30FB-6DA1-5BFC-C28FECCFDF7F}"
EndProject
Global
	GlobalSection(SolutionConfigurationPlatforms) = preSolution
		Debug|Any CPU = Debug|Any CPU
		Release|Any CPU = Release|Any CPU
	EndGlobalSection
	GlobalSection(ProjectConfigurationPlatforms) = postSolution
		{D5E4C950-6869-1E2C-B776-B37668270ED2}.Debug|Any CPU.ActiveCfg = Debug|Any CPU
		{D5E4C950-6869-1E2C-B776-B37668270ED2}.Debug|Any CPU.Build.0 = Debug|Any CPU
		{D5E4C950-6869-1E2C-B776-B37668270ED2}.Release|Any CPU.ActiveCfg = Release|Any CPU
		{D5E4C950-6869-1E2C-B776-B37668270ED2}.Release|Any CPU.Build.0 = Release|Any CPU
		{38047BDC-30FB-6DA1-5BFC-C28FECCFDF7F}.Debug|Any CPU.ActiveCfg = Debug|Any CPU
		{38047BDC-30FB-6DA1-5BFC-C28FECCFDF7F}.Debug|Any CPU.Build.0 = Debug|Any CPU
		{38047BDC-30FB-6DA1-5BFC-C28FECCFDF7F}.Release|Any CPU.ActiveCfg = Release|Any CPU
		{38047BDC-30FB-6DA1-5BFC-C28FECCFDF7F}.Release|Any CPU.Build.0 = Release|Any CPU
	EndGlobalSection
	GlobalSection(SolutionProperties) = preSolution
		HideSolutionNode = FALSE
	EndGlobalSection
EndGlobal
